
Microsoft Visual Studio Solution File, Format Version 12.00
# Visual Studio Version 17
VisualStudioVersion = 17.2.32526.322
MinimumVisualStudioVersion = 10.0.40219.1
Project("{FAE04EC0-301F-11D3-BF4B-00C04F79EFBC}") = "03-dynamic array", "03-dynamic array\03-dynamic array.csproj", "{EA3BDFB2-8B44-401F-B2F8-398BC53590DF}"
EndProject
Global
	GlobalSection(SolutionConfigurationPlatforms) = preSolution
		Debug|Any CPU = Debug|Any CPU
		Release|Any CPU = Release|Any CPU
	EndGlobalSection
	GlobalSection(ProjectConfigurationPlatforms) = postSolution
		{EA3BDFB2-8B44-401F-B2F8-398BC53590DF}.Debug|Any CPU.ActiveCfg = Debug|Any CPU
		{EA3BDFB2-8B44-401F-B2F8-398BC53590DF}.Debug|Any CPU.Build.0 = Debug|Any CPU
		{EA3BDFB2-8B44-401F-B2F8-398BC53590DF}.Release|Any CPU.ActiveCfg = Release|Any CPU
		{EA3BDFB2-8B44-401F-B2F8-398BC53590DF}.Release|Any CPU.Build.0 = Release|Any CPU
	EndGlobalSection
	GlobalSection(SolutionProperties) = preSolution
		HideSolutionNode = FALSE
	EndGlobalSection
	GlobalSection(ExtensibilityGlobals) = postSolution
		SolutionGuid = {DA5716D4-0045-4BCA-A2AE-75510368E917}
	EndGlobalSection
EndGlobal
